
Microsoft Visual Studio Solution File, Format Version 12.00
# Visual Studio Version 17
VisualStudioVersion = 17.10.34916.146
MinimumVisualStudioVersion = 10.0.40219.1
Project("{FAE04EC0-301F-11D3-BF4B-00C04F79EFBC}") = "LinqApp", "LinqApp\LinqApp.csproj", "{D539EC0A-6466-4254-860A-A6EB564F4F8C}"
EndProject
Project("{FAE04EC0-301F-11D3-BF4B-00C04F79EFBC}") = "NorthwindLinqSample", "NorthwindLinqSample\NorthwindLinqSample.csproj", "{B6419B3D-F564-4089-A046-8439B8CCDA4C}"
EndProject
Global
	GlobalSection(SolutionConfigurationPlatforms) = preSolution
		Debug|Any CPU = Debug|Any CPU
		Release|Any CPU = Release|Any CPU
	EndGlobalSection
	GlobalSection(ProjectConfigurationPlatforms) = postSolution
		{D539EC0A-6466-4254-860A-A6EB564F4F8C}.Debug|Any CPU.ActiveCfg = Debug|Any CPU
		{D539EC0A-6466-4254-860A-A6EB564F4F8C}.Debug|Any CPU.Build.0 = Debug|Any CPU
		{D539EC0A-6466-4254-860A-A6EB564F4F8C}.Release|Any CPU.ActiveCfg = Release|Any CPU
		{D539EC0A-6466-4254-860A-A6EB564F4F8C}.Release|Any CPU.Build.0 = Release|Any CPU
		{B6419B3D-F564-4089-A046-8439B8CCDA4C}.Debug|Any CPU.ActiveCfg = Debug|Any CPU
		{B6419B3D-F564-4089-A046-8439B8CCDA4C}.Debug|Any CPU.Build.0 = Debug|Any CPU
		{B6419B3D-F564-4089-A046-8439B8CCDA4C}.Release|Any CPU.ActiveCfg = Release|Any CPU
		{B6419B3D-F564-4089-A046-8439B8CCDA4C}.Release|Any CPU.Build.0 = Release|Any CPU
	EndGlobalSection
	GlobalSection(SolutionProperties) = preSolution
		HideSolutionNode = FALSE
	EndGlobalSection
	GlobalSection(ExtensibilityGlobals) = postSolution
		SolutionGuid = {A9B8CD4E-183C-49CF-9768-7278D5D769B3}
	EndGlobalSection
EndGlobal
